
Microsoft Visual Studio Solution File, Format Version 12.00
# Visual Studio Version 17
VisualStudioVersion = 17.13.35913.81
MinimumVisualStudioVersion = 10.0.40219.1
Project("{FAE04EC0-301F-11D3-BF4B-00C04F79EFBC}") = "UserManagementAPIs", "UserManagementAPI\UserManagementAPIs.csproj", "{F5F4474F-C746-4E1D-8AA4-A8439DE1CD2B}"
EndProject
Project("{FAE04EC0-301F-11D3-BF4B-00C04F79EFBC}") = "Infrastructure", "Infrastructure\Infrastructure.csproj", "{58F4C2C0-75BD-49AF-8D1C-B01989CCD40D}"
EndProject
Project("{FAE04EC0-301F-11D3-BF4B-00C04F79EFBC}") = "UserCore", "UserCore\UserCore.csproj", "{7DDCFC02-2B6B-4988-996B-6B09932CB19A}"
EndProject
Global
	GlobalSection(SolutionConfigurationPlatforms) = preSolution
		Debug|Any CPU = Debug|Any CPU
		Release|Any CPU = Release|Any CPU
	EndGlobalSection
	GlobalSection(ProjectConfigurationPlatforms) = postSolution
		{F5F4474F-C746-4E1D-8AA4-A8439DE1CD2B}.Debug|Any CPU.ActiveCfg = Debug|Any CPU
		{F5F4474F-C746-4E1D-8AA4-A8439DE1CD2B}.Debug|Any CPU.Build.0 = Debug|Any CPU
		{F5F4474F-C746-4E1D-8AA4-A8439DE1CD2B}.Release|Any CPU.ActiveCfg = Release|Any CPU
		{F5F4474F-C746-4E1D-8AA4-A8439DE1CD2B}.Release|Any CPU.Build.0 = Release|Any CPU
		{58F4C2C0-75BD-49AF-8D1C-B01989CCD40D}.Debug|Any CPU.ActiveCfg = Debug|Any CPU
		{58F4C2C0-75BD-49AF-8D1C-B01989CCD40D}.Debug|Any CPU.Build.0 = Debug|Any CPU
		{58F4C2C0-75BD-49AF-8D1C-B01989CCD40D}.Release|Any CPU.ActiveCfg = Release|Any CPU
		{58F4C2C0-75BD-49AF-8D1C-B01989CCD40D}.Release|Any CPU.Build.0 = Release|Any CPU
		{7DDCFC02-2B6B-4988-996B-6B09932CB19A}.Debug|Any CPU.ActiveCfg = Debug|Any CPU
		{7DDCFC02-2B6B-4988-996B-6B09932CB19A}.Debug|Any CPU.Build.0 = Debug|Any CPU
		{7DDCFC02-2B6B-4988-996B-6B09932CB19A}.Release|Any CPU.ActiveCfg = Release|Any CPU
		{7DDCFC02-2B6B-4988-996B-6B09932CB19A}.Release|Any CPU.Build.0 = Release|Any CPU
	EndGlobalSection
	GlobalSection(SolutionProperties) = preSolution
		HideSolutionNode = FALSE
	EndGlobalSection
	GlobalSection(ExtensibilityGlobals) = postSolution
		SolutionGuid = {F14577C1-B8DC-4F25-8603-B4B55121CDDD}
	EndGlobalSection
EndGlobal
